
Microsoft Visual Studio Solution File, Format Version 12.00
# Visual Studio Version 17
VisualStudioVersion = 17.4.33205.214
MinimumVisualStudioVersion = 10.0.40219.1
Project("{9A19103F-16F7-4668-BE54-9A1E7A4F7556}") = "SpaceShip", "SpaceShip.csproj", "{1C6BCC23-0FB4-4C1F-8F80-6A07FA88C010}"
EndProject
Global
	GlobalSection(SolutionConfigurationPlatforms) = preSolution
		Debug|Any CPU = Debug|Any CPU
		Release|Any CPU = Release|Any CPU
		Test|Any CPU = Test|Any CPU
	EndGlobalSection
	GlobalSection(ProjectConfigurationPlatforms) = postSolution
		{1C6BCC23-0FB4-4C1F-8F80-6A07FA88C010}.Debug|Any CPU.ActiveCfg = Debug|Any CPU
		{1C6BCC23-0FB4-4C1F-8F80-6A07FA88C010}.Debug|Any CPU.Build.0 = Debug|Any CPU
		{1C6BCC23-0FB4-4C1F-8F80-6A07FA88C010}.Debug|Any CPU.Deploy.0 = Debug|Any CPU
		{1C6BCC23-0FB4-4C1F-8F80-6A07FA88C010}.Release|Any CPU.ActiveCfg = Release|Any CPU
		{1C6BCC23-0FB4-4C1F-8F80-6A07FA88C010}.Release|Any CPU.Build.0 = Release|Any CPU
		{1C6BCC23-0FB4-4C1F-8F80-6A07FA88C010}.Release|Any CPU.Deploy.0 = Release|Any CPU
		{1C6BCC23-0FB4-4C1F-8F80-6A07FA88C010}.Test|Any CPU.ActiveCfg = Test|Any CPU
		{1C6BCC23-0FB4-4C1F-8F80-6A07FA88C010}.Test|Any CPU.Build.0 = Test|Any CPU
		{1C6BCC23-0FB4-4C1F-8F80-6A07FA88C010}.Test|Any CPU.Deploy.0 = Test|Any CPU
	EndGlobalSection
	GlobalSection(SolutionProperties) = preSolution
		HideSolutionNode = FALSE
	EndGlobalSection
	GlobalSection(ExtensibilityGlobals) = postSolution
		SolutionGuid = {9665C1E5-B795-4146-8A08-87BF02E6F4BD}
	EndGlobalSection
EndGlobal
